
Microsoft Visual Studio Solution File, Format Version 12.00
# Visual Studio Version 17
VisualStudioVersion = 17.5.33414.496
MinimumVisualStudioVersion = 10.0.40219.1
Project("{9A19103F-16F7-4668-BE54-9A1E7A4F7556}") = "Shop.Core", "Shop.Core\Shop.Core.csproj", "{B9C96C10-CDA8-4AE7-8622-0806BA8F9627}"
EndProject
Project("{9A19103F-16F7-4668-BE54-9A1E7A4F7556}") = "Shop.Data", "Shop.Data\Shop.Data.csproj", "{9D5AD815-3633-4ED6-A9E5-2F4F5417D8ED}"
EndProject
Project("{9A19103F-16F7-4668-BE54-9A1E7A4F7556}") = "Shop.Services", "Shop.Services\Shop.Services.csproj", "{59FFB415-5A7E-41F9-8624-62A167271CB0}"
EndProject
Project("{9A19103F-16F7-4668-BE54-9A1E7A4F7556}") = "Shop.WinApp", "Shop.WinApp\Shop.WinApp.csproj", "{45E89FE7-702B-43C6-923F-1C73A4A8F127}"
EndProject
Project("{FAE04EC0-301F-11D3-BF4B-00C04F79EFBC}") = "Shop.WebApi", "Shop.WebApi\Shop.WebApi.csproj", "{596C5673-B9B3-43CC-BA08-7A54AF6759DD}"
EndProject
Global
	GlobalSection(SolutionConfigurationPlatforms) = preSolution
		Debug|Any CPU = Debug|Any CPU
		Release|Any CPU = Release|Any CPU
	EndGlobalSection
	GlobalSection(ProjectConfigurationPlatforms) = postSolution
		{B9C96C10-CDA8-4AE7-8622-0806BA8F9627}.Debug|Any CPU.ActiveCfg = Debug|Any CPU
		{B9C96C10-CDA8-4AE7-8622-0806BA8F9627}.Debug|Any CPU.Build.0 = Debug|Any CPU
		{B9C96C10-CDA8-4AE7-8622-0806BA8F9627}.Release|Any CPU.ActiveCfg = Release|Any CPU
		{B9C96C10-CDA8-4AE7-8622-0806BA8F9627}.Release|Any CPU.Build.0 = Release|Any CPU
		{9D5AD815-3633-4ED6-A9E5-2F4F5417D8ED}.Debug|Any CPU.ActiveCfg = Debug|Any CPU
		{9D5AD815-3633-4ED6-A9E5-2F4F5417D8ED}.Debug|Any CPU.Build.0 = Debug|Any CPU
		{9D5AD815-3633-4ED6-A9E5-2F4F5417D8ED}.Release|Any CPU.ActiveCfg = Release|Any CPU
		{9D5AD815-3633-4ED6-A9E5-2F4F5417D8ED}.Release|Any CPU.Build.0 = Release|Any CPU
		{59FFB415-5A7E-41F9-8624-62A167271CB0}.Debug|Any CPU.ActiveCfg = Debug|Any CPU
		{59FFB415-5A7E-41F9-8624-62A167271CB0}.Debug|Any CPU.Build.0 = Debug|Any CPU
		{59FFB415-5A7E-41F9-8624-62A167271CB0}.Release|Any CPU.ActiveCfg = Release|Any CPU
		{59FFB415-5A7E-41F9-8624-62A167271CB0}.Release|Any CPU.Build.0 = Release|Any CPU
		{45E89FE7-702B-43C6-923F-1C73A4A8F127}.Debug|Any CPU.ActiveCfg = Debug|Any CPU
		{45E89FE7-702B-43C6-923F-1C73A4A8F127}.Debug|Any CPU.Build.0 = Debug|Any CPU
		{45E89FE7-702B-43C6-923F-1C73A4A8F127}.Release|Any CPU.ActiveCfg = Release|Any CPU
		{45E89FE7-702B-43C6-923F-1C73A4A8F127}.Release|Any CPU.Build.0 = Release|Any CPU
		{596C5673-B9B3-43CC-BA08-7A54AF6759DD}.Debug|Any CPU.ActiveCfg = Debug|Any CPU
		{596C5673-B9B3-43CC-BA08-7A54AF6759DD}.Debug|Any CPU.Build.0 = Debug|Any CPU
		{596C5673-B9B3-43CC-BA08-7A54AF6759DD}.Release|Any CPU.ActiveCfg = Release|Any CPU
		{596C5673-B9B3-43CC-BA08-7A54AF6759DD}.Release|Any CPU.Build.0 = Release|Any CPU
	EndGlobalSection
	GlobalSection(SolutionProperties) = preSolution
		HideSolutionNode = FALSE
	EndGlobalSection
	GlobalSection(ExtensibilityGlobals) = postSolution
		SolutionGuid = {7BE19B2A-7801-4A19-AF3F-71043AF83910}
	EndGlobalSection
EndGlobal
